// !$*UTF8*$!
{
	archiveVersion = 1;
	classes = {
	};
	objectVersion = 50;
	objects = {

/* Begin PBXBuildFile section */
		3F9EE1C5248AFC02000A7F3C /* AppDelegate.swift in Sources */ = {isa = PBXBuildFile; fileRef = 3F9EE1C4248AFC02000A7F3C /* AppDelegate.swift */; };
		3F9EE1C7248AFC02000A7F3C /* SceneDelegate.swift in Sources */ = {isa = PBXBuildFile; fileRef = 3F9EE1C6248AFC02000A7F3C /* SceneDelegate.swift */; };
		3F9EE1C9248AFC02000A7F3C /* ViewController.swift in Sources */ = {isa = PBXBuildFile; fileRef = 3F9EE1C8248AFC02000A7F3C /* ViewController.swift */; };
		3F9EE1CC248AFC02000A7F3C /* Main.storyboard in Resources */ = {isa = PBXBuildFile; fileRef = 3F9EE1CA248AFC02000A7F3C /* Main.storyboard */; };
		3F9EE1CE248AFC04000A7F3C /* Assets.xcassets in Resources */ = {isa = PBXBuildFile; fileRef = 3F9EE1CD248AFC04000A7F3C /* Assets.xcassets */; };
		3F9EE1D1248AFC04000A7F3C /* LaunchScreen.storyboard in Resources */ = {isa = PBXBuildFile; fileRef = 3F9EE1CF248AFC04000A7F3C /* LaunchScreen.storyboard */; };
		3F9EE1DC248AFC04000A7F3C /* UserDefaultsTutorialTests.swift in Sources */ = {isa = PBXBuildFile; fileRef = 3F9EE1DB248AFC04000A7F3C /* UserDefaultsTutorialTests.swift */; };
		3F9EE1E7248AFC04000A7F3C /* UserDefaultsTutorialUITests.swift in Sources */ = {isa = PBXBuildFile; fileRef = 3F9EE1E6248AFC04000A7F3C /* UserDefaultsTutorialUITests.swift */; };
/* End PBXBuildFile section */

/* Begin PBXContainerItemProxy section */
		3F9EE1D8248AFC04000A7F3C /* PBXContainerItemProxy */ = {
			isa = PBXContainerItemProxy;
			containerPortal = 3F9EE1B9248AFC02000A7F3C /* Project object */;
			proxyType = 1;
			remoteGlobalIDString = 3F9EE1C0248AFC02000A7F3C;
			remoteInfo = UserDefaultsTutorial;
		};
		3F9EE1E3248AFC04000A7F3C /* PBXContainerItemProxy */ = {
			isa = PBXContainerItemProxy;
			containerPortal = 3F9EE1B9248AFC02000A7F3C /* Project object */;
			proxyType = 1;
			remoteGlobalIDString = 3F9EE1C0248AFC02000A7F3C;
			remoteInfo = UserDefaultsTutorial;
		};
/* End PBXContainerItemProxy section */

/* Begin PBXFileReference section */
		3F9EE1C1248AFC02000A7F3C /* UserDefaultsTutorial.app */ = {isa = PBXFileReference; explicitFileType = wrapper.application; includeInIndex = 0; path = UserDefaultsTutorial.app; sourceTree = BUILT_PRODUCTS_DIR; };
		3F9EE1C4248AFC02000A7F3C /* AppDelegate.swift */ = {isa = PBXFileReference; lastKnownFileType = sourcecode.swift; path = AppDelegate.swift; sourceTree = "<group>"; };
		3F9EE1C6248AFC02000A7F3C /* SceneDelegate.swift */ = {isa = PBXFileReference; lastKnownFileType = sourcecode.swift; path = SceneDelegate.swift; sourceTree = "<group>"; };
		3F9EE1C8248AFC02000A7F3C /* ViewController.swift */ = {isa = PBXFileReference; lastKnownFileType = sourcecode.swift; path = ViewController.swift; sourceTree = "<group>"; };
		3F9EE1CB248AFC02000A7F3C /* Base */ = {isa = PBXFileReference; lastKnownFileType = file.storyboard; name = Base; path = Base.lproj/Main.storyboard; sourceTree = "<group>"; };
		3F9EE1CD248AFC04000A7F3C /* Assets.xcassets */ = {isa = PBXFileReference; lastKnownFileType = folder.assetcatalog; path = Assets.xcassets; sourceTree = "<group>"; };
		3F9EE1D0248AFC04000A7F3C /* Base */ = {isa = PBXFileReference; lastKnownFileType = file.storyboard; name = Base; path = Base.lproj/LaunchScreen.storyboard; sourceTree = "<group>"; };
		3F9EE1D2248AFC04000A7F3C /* Info.plist */ = {isa = PBXFileReference; lastKnownFileType = text.plist.xml; path = Info.plist; sourceTree = "<group>"; };
		3F9EE1D7248AFC04000A7F3C /* UserDefaultsTutorialTests.xctest */ = {isa = PBXFileReference; explicitFileType = wrapper.cfbundle; includeInIndex = 0; path = UserDefaultsTutorialTests.xctest; sourceTree = BUILT_PRODUCTS_DIR; };
		3F9EE1DB248AFC04000A7F3C /* UserDefaultsTutorialTests.swift */ = {isa = PBXFileReference; lastKnownFileType = sourcecode.swift; path = UserDefaultsTutorialTests.swift; sourceTree = "<group>"; };
		3F9EE1DD248AFC04000A7F3C /* Info.plist */ = {isa = PBXFileReference; lastKnownFileType = text.plist.xml; path = Info.plist; sourceTree = "<group>"; };
		3F9EE1E2248AFC04000A7F3C /* UserDefaultsTutorialUITests.xctest */ = {isa = PBXFileReference; explicitFileType = wrapper.cfbundle; includeInIndex = 0; path = UserDefaultsTutorialUITests.xctest; sourceTree = BUILT_PRODUCTS_DIR; };
		3F9EE1E6248AFC04000A7F3C /* UserDefaultsTutorialUITests.swift */ = {isa = PBXFileReference; lastKnownFileType = sourcecode.swift; path = UserDefaultsTutorialUITests.swift; sourceTree = "<group>"; };
		3F9EE1E8248AFC04000A7F3C /* Info.plist */ = {isa = PBXFileReference; lastKnownFileType = text.plist.xml; path = Info.plist; sourceTree = "<group>"; };
/* End PBXFileReference section */

/* Begin PBXFrameworksBuildPhase section */
		3F9EE1BE248AFC02000A7F3C /* Frameworks */ = {
			isa = PBXFrameworksBuildPhase;
			buildActionMask = 2147483647;
			files = (
			);
			runOnlyForDeploymentPostprocessing = 0;
		};
		3F9EE1D4248AFC04000A7F3C /* Frameworks */ = {
			isa = PBXFrameworksBuildPhase;
			buildActionMask = 2147483647;
			files = (
			);
			runOnlyForDeploymentPostprocessing = 0;
		};
		3F9EE1DF248AFC04000A7F3C /* Frameworks */ = {
			isa = PBXFrameworksBuildPhase;
			buildActionMask = 2147483647;
			files = (
			);
			runOnlyForDeploymentPostprocessing = 0;
		};
/* End PBXFrameworksBuildPhase section */

/* Begin PBXGroup section */
		3F9EE1B8248AFC02000A7F3C = {
			isa = PBXGroup;
			children = (
				3F9EE1C3248AFC02000A7F3C /* UserDefaultsTutorial */,
				3F9EE1DA248AFC04000A7F3C /* UserDefaultsTutorialTests */,
				3F9EE1E5248AFC04000A7F3C /* UserDefaultsTutorialUITests */,
				3F9EE1C2248AFC02000A7F3C /* Products */,
			);
			sourceTree = "<group>";
		};
		3F9EE1C2248AFC02000A7F3C /* Products */ = {
			isa = PBXGroup;
			children = (
				3F9EE1C1248AFC02000A7F3C /* UserDefaultsTutorial.app */,
				3F9EE1D7248AFC04000A7F3C /* UserDefaultsTutorialTests.xctest */,
				3F9EE1E2248AFC04000A7F3C /* UserDefaultsTutorialUITests.xctest */,
			);
			name = Products;
			sourceTree = "<group>";
		};
		3F9EE1C3248AFC02000A7F3C /* UserDefaultsTutorial */ = {
			isa = PBXGroup;
			children = (
				3F9EE1C4248AFC02000A7F3C /* AppDelegate.swift */,
				3F9EE1C6248AFC02000A7F3C /* SceneDelegate.swift */,
				3F9EE1C8248AFC02000A7F3C /* ViewController.swift */,
				3F9EE1CA248AFC02000A7F3C /* Main.storyboard */,
				3F9EE1CD248AFC04000A7F3C /* Assets.xcassets */,
				3F9EE1CF248AFC04000A7F3C /* LaunchScreen.storyboard */,
				3F9EE1D2248AFC04000A7F3C /* Info.plist */,
			);
			path = UserDefaultsTutorial;
			sourceTree = "<group>";
		};
		3F9EE1DA248AFC04000A7F3C /* UserDefaultsTutorialTests */ = {
			isa = PBXGroup;
			children = (
				3F9EE1DB248AFC04000A7F3C /* UserDefaultsTutorialTests.swift */,
				3F9EE1DD248AFC04000A7F3C /* Info.plist */,
			);
			path = UserDefaultsTutorialTests;
			sourceTree = "<group>";
		};
		3F9EE1E5248AFC04000A7F3C /* UserDefaultsTutorialUITests */ = {
			isa = PBXGroup;
			children = (
				3F9EE1E6248AFC04000A7F3C /* UserDefaultsTutorialUITests.swift */,
				3F9EE1E8248AFC04000A7F3C /* Info.plist */,
			);
			path = UserDefaultsTutorialUITests;
			sourceTree = "<group>";
		};
/* End PBXGroup section */

/* Begin PBXNativeTarget section */
		3F9EE1C0248AFC02000A7F3C /* UserDefaultsTutorial */ = {
			isa = PBXNativeTarget;
			buildConfigurationList = 3F9EE1EB248AFC04000A7F3C /* Build configuration list for PBXNativeTarget "UserDefaultsTutorial" */;
			buildPhases = (
				3F9EE1BD248AFC02000A7F3C /* Sources */,
				3F9EE1BE248AFC02000A7F3C /* Frameworks */,
				3F9EE1BF248AFC02000A7F3C /* Resources */,
			);
			buildRules = (
			);
			dependencies = (
			);
			name = UserDefaultsTutorial;
			productName = UserDefaultsTutorial;
			productReference = 3F9EE1C1248AFC02000A7F3C /* UserDefaultsTutorial.app */;
			productType = "com.apple.product-type.application";
		};
		3F9EE1D6248AFC04000A7F3C /* UserDefaultsTutorialTests */ = {
			isa = PBXNativeTarget;
			buildConfigurationList = 3F9EE1EE248AFC04000A7F3C /* Build configuration list for PBXNativeTarget "UserDefaultsTutorialTests" */;
			buildPhases = (
				3F9EE1D3248AFC04000A7F3C /* Sources */,
				3F9EE1D4248AFC04000A7F3C /* Frameworks */,
				3F9EE1D5248AFC04000A7F3C /* Resources */,
			);
			buildRules = (
			);
			dependencies = (
				3F9EE1D9248AFC04000A7F3C /* PBXTargetDependency */,
			);
			name = UserDefaultsTutorialTests;
			productName = UserDefaultsTutorialTests;
			productReference = 3F9EE1D7248AFC04000A7F3C /* UserDefaultsTutorialTests.xctest */;
			productType = "com.apple.product-type.bundle.unit-test";
		};
		3F9EE1E1248AFC04000A7F3C /* UserDefaultsTutorialUITests */ = {
			isa = PBXNativeTarget;
			buildConfigurationList = 3F9EE1F1248AFC04000A7F3C /* Build configuration list for PBXNativeTarget "UserDefaultsTutorialUITests" */;
			buildPhases = (
				3F9EE1DE248AFC04000A7F3C /* Sources */,
				3F9EE1DF248AFC04000A7F3C /* Frameworks */,
				3F9EE1E0248AFC04000A7F3C /* Resources */,
			);
			buildRules = (
			);
			dependencies = (
				3F9EE1E4248AFC04000A7F3C /* PBXTargetDependency */,
			);
			name = UserDefaultsTutorialUITests;
			productName = UserDefaultsTutorialUITests;
			productReference = 3F9EE1E2248AFC04000A7F3C /* UserDefaultsTutorialUITests.xctest */;
			productType = "com.apple.product-type.bundle.ui-testing";
		};
/* End PBXNativeTarget section */

/* Begin PBXProject section */
		3F9EE1B9248AFC02000A7F3C /* Project object */ = {
			isa = PBXProject;
			attributes = {
				LastSwiftUpdateCheck = 1150;
				LastUpgradeCheck = 1150;
				ORGANIZATIONNAME = "Henry Calderon";
				TargetAttributes = {
					3F9EE1C0248AFC02000A7F3C = {
						CreatedOnToolsVersion = 11.5;
					};
					3F9EE1D6248AFC04000A7F3C = {
						CreatedOnToolsVersion = 11.5;
						TestTargetID = 3F9EE1C0248AFC02000A7F3C;
					};
					3F9EE1E1248AFC04000A7F3C = {
						CreatedOnToolsVersion = 11.5;
						TestTargetID = 3F9EE1C0248AFC02000A7F3C;
					};
				};
			};
			buildConfigurationList = 3F9EE1BC248AFC02000A7F3C /* Build configuration list for PBXProject "UserDefaultsTutorial" */;
			compatibilityVersion = "Xcode 9.3";
			developmentRegion = en;
			hasScannedForEncodings = 0;
			knownRegions = (
				en,
				Base,
			);
			mainGroup = 3F9EE1B8248AFC02000A7F3C;
			productRefGroup = 3F9EE1C2248AFC02000A7F3C /* Products */;
			projectDirPath = "";
			projectRoot = "";
			targets = (
				3F9EE1C0248AFC02000A7F3C /* UserDefaultsTutorial */,
				3F9EE1D6248AFC04000A7F3C /* UserDefaultsTutorialTests */,
				3F9EE1E1248AFC04000A7F3C /* UserDefaultsTutorialUITests */,
			);
		};
/* End PBXProject section */

/* Begin PBXResourcesBuildPhase section */
		3F9EE1BF248AFC02000A7F3C /* Resources */ = {
			isa = PBXResourcesBuildPhase;
			buildActionMask = 2147483647;
			files = (
				3F9EE1D1248AFC04000A7F3C /* LaunchScreen.storyboard in Resources */,
				3F9EE1CE248AFC04000A7F3C /* Assets.xcassets in Resources */,
				3F9EE1CC248AFC02000A7F3C /* Main.storyboard in Resources */,
			);
			runOnlyForDeploymentPostprocessing = 0;
		};
		3F9EE1D5248AFC04000A7F3C /* Resources */ = {
			isa = PBXResourcesBuildPhase;
			buildActionMask = 2147483647;
			files = (
			);
			runOnlyForDeploymentPostprocessing = 0;
		};
		3F9EE1E0248AFC04000A7F3C /* Resources */ = {
			isa = PBXResourcesBuildPhase;
			buildActionMask = 2147483647;
			files = (
			);
			runOnlyForDeploymentPostprocessing = 0;
		};
/* End PBXResourcesBuildPhase section */

/* Begin PBXSourcesBuildPhase section */
		3F9EE1BD248AFC02000A7F3C /* Sources */ = {
			isa = PBXSourcesBuildPhase;
			buildActionMask = 2147483647;
			files = (
				3F9EE1C9248AFC02000A7F3C /* ViewController.swift in Sources */,
				3F9EE1C5248AFC02000A7F3C /* AppDelegate.swift in Sources */,
				3F9EE1C7248AFC02000A7F3C /* SceneDelegate.swift in Sources */,
			);
			runOnlyForDeploymentPostprocessing = 0;
		};
		3F9EE1D3248AFC04000A7F3C /* Sources */ = {
			isa = PBXSourcesBuildPhase;
			buildActionMask = 2147483647;
			files = (
				3F9EE1DC248AFC04000A7F3C /* UserDefaultsTutorialTests.swift in Sources */,
			);
			runOnlyForDeploymentPostprocessing = 0;
		};
		3F9EE1DE248AFC04000A7F3C /* Sources */ = {
			isa = PBXSourcesBuildPhase;
			buildActionMask = 2147483647;
			files = (
				3F9EE1E7248AFC04000A7F3C /* UserDefaultsTutorialUITests.swift in Sources */,
			);
			runOnlyForDeploymentPostprocessing = 0;
		};
/* End PBXSourcesBuildPhase section */

/* Begin PBXTargetDependency section */
		3F9EE1D9248AFC04000A7F3C /* PBXTargetDependency */ = {
			isa = PBXTargetDependency;
			target = 3F9EE1C0248AFC02000A7F3C /* UserDefaultsTutorial */;
			targetProxy = 3F9EE1D8248AFC04000A7F3C /* PBXContainerItemProxy */;
		};
		3F9EE1E4248AFC04000A7F3C /* PBXTargetDependency */ = {
			isa = PBXTargetDependency;
			target = 3F9EE1C0248AFC02000A7F3C /* UserDefaultsTutorial */;
			targetProxy = 3F9EE1E3248AFC04000A7F3C /* PBXContainerItemProxy */;
		};
/* End PBXTargetDependency section */

/* Begin PBXVariantGroup section */
		3F9EE1CA248AFC02000A7F3C /* Main.storyboard */ = {
			isa = PBXVariantGroup;
			children = (
				3F9EE1CB248AFC02000A7F3C /* Base */,
			);
			name = Main.storyboard;
			sourceTree = "<group>";
		};
		3F9EE1CF248AFC04000A7F3C /* LaunchScreen.storyboard */ = {
			isa = PBXVariantGroup;
			children = (
				3F9EE1D0248AFC04000A7F3C /* Base */,
			);
			name = LaunchScreen.storyboard;
			sourceTree = "<group>";
		};
/* End PBXVariantGroup section */

/* Begin XCBuildConfiguration section */
		3F9EE1E9248AFC04000A7F3C /* Debug */ = {
			isa = XCBuildConfiguration;
			buildSettings = {
				ALWAYS_SEARCH_USER_PATHS = NO;
				CLANG_ANALYZER_NONNULL = YES;
				CLANG_ANALYZER_NUMBER_OBJECT_CONVERSION = YES_AGGRESSIVE;
				CLANG_CXX_LANGUAGE_STANDARD = "gnu++14";
				CLANG_CXX_LIBRARY = "libc++";
				CLANG_ENABLE_MODULES = YES;
				CLANG_ENABLE_OBJC_ARC = YES;
				CLANG_ENABLE_OBJC_WEAK = YES;
				CLANG_WARN_BLOCK_CAPTURE_AUTORELEASING = YES;
				CLANG_WARN_BOOL_CONVERSION = YES;
				CLANG_WARN_COMMA = YES;
				CLANG_WARN_CONSTANT_CONVERSION = YES;
				CLANG_WARN_DEPRECATED_OBJC_IMPLEMENTATIONS = YES;
				CLANG_WARN_DIRECT_OBJC_ISA_USAGE = YES_ERROR;
				CLANG_WARN_DOCUMENTATION_COMMENTS = YES;
				CLANG_WARN_EMPTY_BODY = YES;
				CLANG_WARN_ENUM_CONVERSION = YES;
				CLANG_WARN_INFINITE_RECURSION = YES;
				CLANG_WARN_INT_CONVERSION = YES;
				CLANG_WARN_NON_LITERAL_NULL_CONVERSION = YES;
				CLANG_WARN_OBJC_IMPLICIT_RETAIN_SELF = YES;
				CLANG_WARN_OBJC_LITERAL_CONVERSION = YES;
				CLANG_WARN_OBJC_ROOT_CLASS = YES_ERROR;
				CLANG_WARN_RANGE_LOOP_ANALYSIS = YES;
				CLANG_WARN_STRICT_PROTOTYPES = YES;
				CLANG_WARN_SUSPICIOUS_MOVE = YES;
				CLANG_WARN_UNGUARDED_AVAILABILITY = YES_AGGRESSIVE;
				CLANG_WARN_UNREACHABLE_CODE = YES;
				CLANG_WARN__DUPLICATE_METHOD_MATCH = YES;
				COPY_PHASE_STRIP = NO;
				DEBUG_INFORMATION_FORMAT = dwarf;
				ENABLE_STRICT_OBJC_MSGSEND = YES;
				ENABLE_TESTABILITY = YES;
				GCC_C_LANGUAGE_STANDARD = gnu11;
				GCC_DYNAMIC_NO_PIC = NO;
				GCC_NO_COMMON_BLOCKS = YES;
				GCC_OPTIMIZATION_LEVEL = 0;
				GCC_PREPROCESSOR_DEFINITIONS = (
					"DEBUG=1",
					"$(inherited)",
				);
				GCC_WARN_64_TO_32_BIT_CONVERSION = YES;
				GCC_WARN_ABOUT_RETURN_TYPE = YES_ERROR;
				GCC_WARN_UNDECLARED_SELECTOR = YES;
				GCC_WARN_UNINITIALIZED_AUTOS = YES_AGGRESSIVE;
				GCC_WARN_UNUSED_FUNCTION = YES;
				GCC_WARN_UNUSED_VARIABLE = YES;
				IPHONEOS_DEPLOYMENT_TARGET = 13.5;
				MTL_ENABLE_DEBUG_INFO = INCLUDE_SOURCE;
				MTL_FAST_MATH = YES;
				ONLY_ACTIVE_ARCH = YES;
				SDKROOT = iphoneos;
				SWIFT_ACTIVE_COMPILATION_CONDITIONS = DEBUG;
				SWIFT_OPTIMIZATION_LEVEL = "-Onone";
			};
			name = Debug;
		};
		3F9EE1EA248AFC04000A7F3C /* Release */ = {
			isa = XCBuildConfiguration;
			buildSettings = {
				ALWAYS_SEARCH_USER_PATHS = NO;
				CLANG_ANALYZER_NONNULL = YES;
				CLANG_ANALYZER_NUMBER_OBJECT_CONVERSION = YES_AGGRESSIVE;
				CLANG_CXX_LANGUAGE_STANDARD = "gnu++14";
				CLANG_CXX_LIBRARY = "libc++";
				CLANG_ENABLE_MODULES = YES;
				CLANG_ENABLE_OBJC_ARC = YES;
				CLANG_ENABLE_OBJC_WEAK = YES;
				CLANG_WARN_BLOCK_CAPTURE_AUTORELEASING = YES;
				CLANG_WARN_BOOL_CONVERSION = YES;
				CLANG_WARN_COMMA = YES;
				CLANG_WARN_CONSTANT_CONVERSION = YES;
				CLANG_WARN_DEPRECATED_OBJC_IMPLEMENTATIONS = YES;
				CLANG_WARN_DIRECT_OBJC_ISA_USAGE = YES_ERROR;
				CLANG_WARN_DOCUMENTATION_COMMENTS = YES;
				CLANG_WARN_EMPTY_BODY = YES;
				CLANG_WARN_ENUM_CONVERSION = YES;
				CLANG_WARN_INFINITE_RECURSION = YES;
				CLANG_WARN_INT_CONVERSION = YES;
				CLANG_WARN_NON_LITERAL_NULL_CONVERSION = YES;
				CLANG_WARN_OBJC_IMPLICIT_RETAIN_SELF = YES;
				CLANG_WARN_OBJC_LITERAL_CONVERSION = YES;
				CLANG_WARN_OBJC_ROOT_CLASS = YES_ERROR;
				CLANG_WARN_RANGE_LOOP_ANALYSIS = YES;
				CLANG_WARN_STRICT_PROTOTYPES = YES;
				CLANG_WARN_SUSPICIOUS_MOVE = YES;
				CLANG_WARN_UNGUARDED_AVAILABILITY = YES_AGGRESSIVE;
				CLANG_WARN_UNREACHABLE_CODE = YES;
				CLANG_WARN__DUPLICATE_METHOD_MATCH = YES;
				COPY_PHASE_STRIP = NO;
				DEBUG_INFORMATION_FORMAT = "dwarf-with-dsym";
				ENABLE_NS_ASSERTIONS = NO;
				ENABLE_STRICT_OBJC_MSGSEND = YES;
				GCC_C_LANGUAGE_STANDARD = gnu11;
				GCC_NO_COMMON_BLOCKS = YES;
				GCC_WARN_64_TO_32_BIT_CONVERSION = YES;
				GCC_WARN_ABOUT_RETURN_TYPE = YES_ERROR;
				GCC_WARN_UNDECLARED_SELECTOR = YES;
				GCC_WARN_UNINITIALIZED_AUTOS = YES_AGGRESSIVE;
				GCC_WARN_UNUSED_FUNCTION = YES;
				GCC_WARN_UNUSED_VARIABLE = YES;
				IPHONEOS_DEPLOYMENT_TARGET = 13.5;
				MTL_ENABLE_DEBUG_INFO = NO;
				MTL_FAST_MATH = YES;
				SDKROOT = iphoneos;
				SWIFT_COMPILATION_MODE = wholemodule;
				SWIFT_OPTIMIZATION_LEVEL = "-O";
				VALIDATE_PRODUCT = YES;
			};
			name = Release;
		};
		3F9EE1EC248AFC04000A7F3C /* Debug */ = {
			isa = XCBuildConfiguration;
			buildSettings = {
				ASSETCATALOG_COMPILER_APPICON_NAME = AppIcon;
				CODE_SIGN_STYLE = Automatic;
				INFOPLIST_FILE = UserDefaultsTutorial/Info.plist;
				LD_RUNPATH_SEARCH_PATHS = (
					"$(inherited)",
					"@executable_path/Frameworks",
				);
				PRODUCT_BUNDLE_IDENTIFIER = com.henrycalderon.UserDefaultsTutorial;
				PRODUCT_NAME = "$(TARGET_NAME)";
				SWIFT_VERSION = 5.0;
				TARGETED_DEVICE_FAMILY = "1,2";
			};
			name = Debug;
		};
		3F9EE1ED248AFC04000A7F3C /* Release */ = {
			isa = XCBuildConfiguration;
			buildSettings = {
				ASSETCATALOG_COMPILER_APPICON_NAME = AppIcon;
				CODE_SIGN_STYLE = Automatic;
				INFOPLIST_FILE = UserDefaultsTutorial/Info.plist;
				LD_RUNPATH_SEARCH_PATHS = (
					"$(inherited)",
					"@executable_path/Frameworks",
				);
				PRODUCT_BUNDLE_IDENTIFIER = com.henrycalderon.UserDefaultsTutorial;
				PRODUCT_NAME = "$(TARGET_NAME)";
				SWIFT_VERSION = 5.0;
				TARGETED_DEVICE_FAMILY = "1,2";
			};
			name = Release;
		};
		3F9EE1EF248AFC04000A7F3C /* Debug */ = {
			isa = XCBuildConfiguration;
			buildSettings = {
				ALWAYS_EMBED_SWIFT_STANDARD_LIBRARIES = YES;
				BUNDLE_LOADER = "$(TEST_HOST)";
				CODE_SIGN_STYLE = Automatic;
				INFOPLIST_FILE = UserDefaultsTutorialTests/Info.plist;
				IPHONEOS_DEPLOYMENT_TARGET = 13.5;
				LD_RUNPATH_SEARCH_PATHS = (
					"$(inherited)",
					"@executable_path/Frameworks",
					"@loader_path/Frameworks",
				);
				PRODUCT_BUNDLE_IDENTIFIER = com.henrycalderon.UserDefaultsTutorialTests;
				PRODUCT_NAME = "$(TARGET_NAME)";
				SWIFT_VERSION = 5.0;
				TARGETED_DEVICE_FAMILY = "1,2";
				TEST_HOST = "$(BUILT_PRODUCTS_DIR)/UserDefaultsTutorial.app/UserDefaultsTutorial";
			};
			name = Debug;
		};
		3F9EE1F0248AFC04000A7F3C /* Release */ = {
			isa = XCBuildConfiguration;
			buildSettings = {
				ALWAYS_EMBED_SWIFT_STANDARD_LIBRARIES = YES;
				BUNDLE_LOADER = "$(TEST_HOST)";
				CODE_SIGN_STYLE = Automatic;
				INFOPLIST_FILE = UserDefaultsTutorialTests/Info.plist;
				IPHONEOS_DEPLOYMENT_TARGET = 13.5;
				LD_RUNPATH_SEARCH_PATHS = (
					"$(inherited)",
					"@executable_path/Frameworks",
					"@loader_path/Frameworks",
				);
				PRODUCT_BUNDLE_IDENTIFIER = com.henrycalderon.UserDefaultsTutorialTests;
				PRODUCT_NAME = "$(TARGET_NAME)";
				SWIFT_VERSION = 5.0;
				TARGETED_DEVICE_FAMILY = "1,2";
				TEST_HOST = "$(BUILT_PRODUCTS_DIR)/UserDefaultsTutorial.app/UserDefaultsTutorial";
			};
			name = Release;
		};
		3F9EE1F2248AFC04000A7F3C /* Debug */ = {
			isa = XCBuildConfiguration;
			buildSettings = {
				ALWAYS_EMBED_SWIFT_STANDARD_LIBRARIES = YES;
				CODE_SIGN_STYLE = Automatic;
				INFOPLIST_FILE = UserDefaultsTutorialUITests/Info.plist;
				LD_RUNPATH_SEARCH_PATHS = (
					"$(inherited)",
					"@executable_path/Frameworks",
					"@loader_path/Frameworks",
				);
				PRODUCT_BUNDLE_IDENTIFIER = com.henrycalderon.UserDefaultsTutorialUITests;
				PRODUCT_NAME = "$(TARGET_NAME)";
				SWIFT_VERSION = 5.0;
				TARGETED_DEVICE_FAMILY = "1,2";
				TEST_TARGET_NAME = UserDefaultsTutorial;
			};
			name = Debug;
		};
		3F9EE1F3248AFC04000A7F3C /* Release */ = {
			isa = XCBuildConfiguration;
			buildSettings = {
				ALWAYS_EMBED_SWIFT_STANDARD_LIBRARIES = YES;
				CODE_SIGN_STYLE = Automatic;
				INFOPLIST_FILE = UserDefaultsTutorialUITests/Info.plist;
				LD_RUNPATH_SEARCH_PATHS = (
					"$(inherited)",
					"@executable_path/Frameworks",
					"@loader_path/Frameworks",
				);
				PRODUCT_BUNDLE_IDENTIFIER = com.henrycalderon.UserDefaultsTutorialUITests;
				PRODUCT_NAME = "$(TARGET_NAME)";
				SWIFT_VERSION = 5.0;
				TARGETED_DEVICE_FAMILY = "1,2";
				TEST_TARGET_NAME = UserDefaultsTutorial;
			};
			name = Release;
		};
/* End XCBuildConfiguration section */

/* Begin XCConfigurationList section */
		3F9EE1BC248AFC02000A7F3C /* Build configuration list for PBXProject "UserDefaultsTutorial" */ = {
			isa = XCConfigurationList;
			buildConfigurations = (
				3F9EE1E9248AFC04000A7F3C /* Debug */,
				3F9EE1EA248AFC04000A7F3C /* Release */,
			);
			defaultConfigurationIsVisible = 0;
			defaultConfigurationName = Release;
		};
		3F9EE1EB248AFC04000A7F3C /* Build configuration list for PBXNativeTarget "UserDefaultsTutorial" */ = {
			isa = XCConfigurationList;
			buildConfigurations = (
				3F9EE1EC248AFC04000A7F3C /* Debug */,
				3F9EE1ED248AFC04000A7F3C /* Release */,
			);
			defaultConfigurationIsVisible = 0;
			defaultConfigurationName = Release;
		};
		3F9EE1EE248AFC04000A7F3C /* Build configuration list for PBXNativeTarget "UserDefaultsTutorialTests" */ = {
			isa = XCConfigurationList;
			buildConfigurations = (
				3F9EE1EF248AFC04000A7F3C /* Debug */,
				3F9EE1F0248AFC04000A7F3C /* Release */,
			);
			defaultConfigurationIsVisible = 0;
			defaultConfigurationName = Release;
		};
		3F9EE1F1248AFC04000A7F3C /* Build configuration list for PBXNativeTarget "UserDefaultsTutorialUITests" */ = {
			isa = XCConfigurationList;
			buildConfigurations = (
				3F9EE1F2248AFC04000A7F3C /* Debug */,
				3F9EE1F3248AFC04000A7F3C /* Release */,
			);
			defaultConfigurationIsVisible = 0;
			defaultConfigurationName = Release;
		};
/* End XCConfigurationList section */
	};
	rootObject = 3F9EE1B9248AFC02000A7F3C /* Project object */;
}
